
Microsoft Visual Studio Solution File, Format Version 12.00
# Visual Studio Version 17
VisualStudioVersion = 17.8.34322.80
MinimumVisualStudioVersion = 10.0.40219.1
Project("{FAE04EC0-301F-11D3-BF4B-00C04F79EFBC}") = "TestWin", "TestWin\TestWin.csproj", "{53CBCD3C-1289-4D12-9FF4-56215B02E771}"
EndProject
Global
	GlobalSection(SolutionConfigurationPlatforms) = preSolution
		Debug|Any CPU = Debug|Any CPU
		Release|Any CPU = Release|Any CPU
	EndGlobalSection
	GlobalSection(ProjectConfigurationPlatforms) = postSolution
		{53CBCD3C-1289-4D12-9FF4-56215B02E771}.Debug|Any CPU.ActiveCfg = Debug|Any CPU
		{53CBCD3C-1289-4D12-9FF4-56215B02E771}.Debug|Any CPU.Build.0 = Debug|Any CPU
		{53CBCD3C-1289-4D12-9FF4-56215B02E771}.Release|Any CPU.ActiveCfg = Release|Any CPU
		{53CBCD3C-1289-4D12-9FF4-56215B02E771}.Release|Any CPU.Build.0 = Release|Any CPU
	EndGlobalSection
	GlobalSection(SolutionProperties) = preSolution
		HideSolutionNode = FALSE
	EndGlobalSection
	GlobalSection(ExtensibilityGlobals) = postSolution
		SolutionGuid = {DE3DC0FD-BE67-40DF-8D70-3B08B4DAB492}
	EndGlobalSection
EndGlobal
