
Microsoft Visual Studio Solution File, Format Version 12.00
# Visual Studio Version 17
VisualStudioVersion = 17.8.34330.188
MinimumVisualStudioVersion = 10.0.40219.1
Project("{FAE04EC0-301F-11D3-BF4B-00C04F79EFBC}") = "TestWorkerServicev0.1", "TestWorkerService v0.1\TestWorkerServicev0.1.csproj", "{74948FAC-9361-481D-8B2B-9B4DF6418DBD}"
EndProject
Global
	GlobalSection(SolutionConfigurationPlatforms) = preSolution
		Debug|Any CPU = Debug|Any CPU
		Release|Any CPU = Release|Any CPU
	EndGlobalSection
	GlobalSection(ProjectConfigurationPlatforms) = postSolution
		{74948FAC-9361-481D-8B2B-9B4DF6418DBD}.Debug|Any CPU.ActiveCfg = Debug|Any CPU
		{74948FAC-9361-481D-8B2B-9B4DF6418DBD}.Debug|Any CPU.Build.0 = Debug|Any CPU
		{74948FAC-9361-481D-8B2B-9B4DF6418DBD}.Release|Any CPU.ActiveCfg = Release|Any CPU
		{74948FAC-9361-481D-8B2B-9B4DF6418DBD}.Release|Any CPU.Build.0 = Release|Any CPU
	EndGlobalSection
	GlobalSection(SolutionProperties) = preSolution
		HideSolutionNode = FALSE
	EndGlobalSection
	GlobalSection(ExtensibilityGlobals) = postSolution
		SolutionGuid = {6F5E73E9-C915-4681-A754-6FF91C8DA5C7}
	EndGlobalSection
EndGlobal
